
Microsoft Visual Studio Solution File, Format Version 12.00
# Visual Studio Version 16
VisualStudioVersion = 16.0.29806.167
MinimumVisualStudioVersion = 10.0.40219.1
Project("{9A19103F-16F7-4668-BE54-9A1E7A4F7556}") = "Insight.Autofac.Extensions.MediatR", "src\Insight.Autofac.Extensions.MediatR\Insight.Autofac.Extensions.MediatR.csproj", "{15777EC7-FF1B-40F9-9D88-9FFE0AC4D684}"
EndProject
Project("{9A19103F-16F7-4668-BE54-9A1E7A4F7556}") = "Insight.Autofac.Extensions.MediatR.Samples.Console", "samples\Insight.Autofac.Extensions.MediatR.Samples.Console\Insight.Autofac.Extensions.MediatR.Samples.Console.csproj", "{BE162E55-EE39-4AAC-8772-8F0C6D5014D4}"
EndProject
Project("{9A19103F-16F7-4668-BE54-9A1E7A4F7556}") = "Insight.Autofac.Extensions.MediatR.Samples.Application", "samples\Insight.Autofac.Extensions.MediatR.Samples.Application\Insight.Autofac.Extensions.MediatR.Samples.Application.csproj", "{AFB02E00-60E0-4AA0-A4B9-68082BB62491}"
EndProject
Project("{2150E333-8FDC-42A3-9474-1A3956D46DE8}") = "Samples", "Samples", "{C653DD4C-2A9C-4AA6-93CF-174B778319D6}"
EndProject
Project("{9A19103F-16F7-4668-BE54-9A1E7A4F7556}") = "Insight.Autofac.Extensions.MediatR.Tests", "tests\Insight.Autofac.Extensions.MediatR.Tests\Insight.Autofac.Extensions.MediatR.Tests.csproj", "{2C0F1BFC-5756-4774-B7C0-5383037EED77}"
EndProject
Global
	GlobalSection(SolutionConfigurationPlatforms) = preSolution
		Debug|Any CPU = Debug|Any CPU
		Release|Any CPU = Release|Any CPU
	EndGlobalSection
	GlobalSection(ProjectConfigurationPlatforms) = postSolution
		{15777EC7-FF1B-40F9-9D88-9FFE0AC4D684}.Debug|Any CPU.ActiveCfg = Debug|Any CPU
		{15777EC7-FF1B-40F9-9D88-9FFE0AC4D684}.Debug|Any CPU.Build.0 = Debug|Any CPU
		{15777EC7-FF1B-40F9-9D88-9FFE0AC4D684}.Release|Any CPU.ActiveCfg = Release|Any CPU
		{15777EC7-FF1B-40F9-9D88-9FFE0AC4D684}.Release|Any CPU.Build.0 = Release|Any CPU
		{BE162E55-EE39-4AAC-8772-8F0C6D5014D4}.Debug|Any CPU.ActiveCfg = Debug|Any CPU
		{BE162E55-EE39-4AAC-8772-8F0C6D5014D4}.Debug|Any CPU.Build.0 = Debug|Any CPU
		{BE162E55-EE39-4AAC-8772-8F0C6D5014D4}.Release|Any CPU.ActiveCfg = Release|Any CPU
		{BE162E55-EE39-4AAC-8772-8F0C6D5014D4}.Release|Any CPU.Build.0 = Release|Any CPU
		{AFB02E00-60E0-4AA0-A4B9-68082BB62491}.Debug|Any CPU.ActiveCfg = Debug|Any CPU
		{AFB02E00-60E0-4AA0-A4B9-68082BB62491}.Debug|Any CPU.Build.0 = Debug|Any CPU
		{AFB02E00-60E0-4AA0-A4B9-68082BB62491}.Release|Any CPU.ActiveCfg = Release|Any CPU
		{AFB02E00-60E0-4AA0-A4B9-68082BB62491}.Release|Any CPU.Build.0 = Release|Any CPU
		{2C0F1BFC-5756-4774-B7C0-5383037EED77}.Debug|Any CPU.ActiveCfg = Debug|Any CPU
		{2C0F1BFC-5756-4774-B7C0-5383037EED77}.Debug|Any CPU.Build.0 = Debug|Any CPU
		{2C0F1BFC-5756-4774-B7C0-5383037EED77}.Release|Any CPU.ActiveCfg = Release|Any CPU
		{2C0F1BFC-5756-4774-B7C0-5383037EED77}.Release|Any CPU.Build.0 = Release|Any CPU
	EndGlobalSection
	GlobalSection(SolutionProperties) = preSolution
		HideSolutionNode = FALSE
	EndGlobalSection
	GlobalSection(NestedProjects) = preSolution
		{BE162E55-EE39-4AAC-8772-8F0C6D5014D4} = {C653DD4C-2A9C-4AA6-93CF-174B778319D6}
		{AFB02E00-60E0-4AA0-A4B9-68082BB62491} = {C653DD4C-2A9C-4AA6-93CF-174B778319D6}
	EndGlobalSection
	GlobalSection(ExtensibilityGlobals) = postSolution
		SolutionGuid = {E3994C03-E156-4B09-817D-65EEEF54C613}
	EndGlobalSection
EndGlobal
